{
  "version": "5",
  "specifiers": {
    "jsr:@hono/hono@^4.10.7": "4.10.8",
    "npm:better-auth@^1.3.10": "1.4.6_@better-auth+utils@0.3.0_@better-fetch+fetch@1.1.18_better-call@1.1.5__zod@4.1.13_jose@6.1.3_kysely@0.28.8_nanostores@1.1.0_@better-auth+core@1.4.6__@better-auth+utils@0.3.0__@better-fetch+fetch@1.1.18__better-call@1.1.5___zod@4.1.13__jose@6.1.3__kysely@0.28.8__nanostores@1.1.0__zod@4.1.13_zod@4.1.13",
    "npm:mongodb@^6.10.0": "6.21.0"
  },
  "jsr": {
    "@hono/hono@4.10.8": {
      "integrity": "afdbfc8d3028faa79d0d23096265cb41863f7f49cbf8542959bbdffc4c71365a"
    }
  },
  "npm": {
    "@better-auth/core@1.4.6_@better-auth+utils@0.3.0_@better-fetch+fetch@1.1.18_better-call@1.1.5__zod@4.1.13_jose@6.1.3_kysely@0.28.8_nanostores@1.1.0_zod@4.1.13": {
      "integrity": "sha512-cYjscr4wU5ZJPhk86JuUkecJT+LSYCFmUzYaitiLkizl+wCr1qdPFSEoAnRVZVTUEEoKpeS2XW69voBJ1NoB3g==",
      "dependencies": [
        "@better-auth/utils",
        "@better-fetch/fetch",
        "@standard-schema/spec",
        "better-call",
        "jose",
        "kysely",
        "nanostores",
        "zod"
      ]
    },
    "@better-auth/telemetry@1.4.6_@better-auth+core@1.4.6__@better-auth+utils@0.3.0__@better-fetch+fetch@1.1.18__better-call@1.1.5___zod@4.1.13__jose@6.1.3__kysely@0.28.8__nanostores@1.1.0__zod@4.1.13_@better-auth+utils@0.3.0_@better-fetch+fetch@1.1.18_better-call@1.1.5__zod@4.1.13_jose@6.1.3_kysely@0.28.8_nanostores@1.1.0": {
      "integrity": "sha512-idc9MGJXxWA7zl2U9zsbdG6+2ZCeqWdPq1KeFSfyqGMFtI1VPQOx9YWLqNPOt31YnOX77ojZSraU2sb7IRdBMA==",
      "dependencies": [
        "@better-auth/core",
        "@better-auth/utils",
        "@better-fetch/fetch"
      ]
    },
    "@better-auth/utils@0.3.0": {
      "integrity": "sha512-W+Adw6ZA6mgvnSnhOki270rwJ42t4XzSK6YWGF//BbVXL6SwCLWfyzBc1lN2m/4RM28KubdBKQ4X5VMoLRNPQw=="
    },
    "@better-fetch/fetch@1.1.18": {
      "integrity": "sha512-rEFOE1MYIsBmoMJtQbl32PGHHXuG2hDxvEd7rUHE0vCBoFQVSDqaVs9hkZEtHCxRoY+CljXKFCOuJ8uxqw1LcA=="
    },
    "@mongodb-js/saslprep@1.3.2": {
      "integrity": "sha512-QgA5AySqB27cGTXBFmnpifAi7HxoGUeezwo6p9dI03MuDB6Pp33zgclqVb6oVK3j6I9Vesg0+oojW2XxB59SGg==",
      "dependencies": [
        "sparse-bitfield"
      ]
    },
    "@noble/ciphers@2.1.1": {
      "integrity": "sha512-bysYuiVfhxNJuldNXlFEitTVdNnYUc+XNJZd7Qm2a5j1vZHgY+fazadNFWFaMK/2vye0JVlxV3gHmC0WDfAOQw=="
    },
    "@noble/hashes@2.0.1": {
      "integrity": "sha512-XlOlEbQcE9fmuXxrVTXCTlG2nlRXa9Rj3rr5Ue/+tX+nmkgbX720YHh0VR3hBF9xDvwnb8D2shVGOwNx+ulArw=="
    },
    "@standard-schema/spec@1.0.0": {
      "integrity": "sha512-m2bOd0f2RT9k8QJx1JN85cZYyH1RqFBdlwtkSlf4tBDYLCiiZnv1fIIwacK6cqwXavOydf0NPToMQgpKq+dVlA=="
    },
    "@types/webidl-conversions@7.0.3": {
      "integrity": "sha512-CiJJvcRtIgzadHCYXw7dqEnMNRjhGZlYK05Mj9OyktqV8uVT8fD2BFOB7S1uwBE3Kj2Z+4UyPmFw/Ixgw/LAlA=="
    },
    "@types/whatwg-url@11.0.5": {
      "integrity": "sha512-coYR071JRaHa+xoEvvYqvnIHaVqaYrLPbsufM9BF63HkwI5Lgmy2QR8Q5K/lYDYo5AK82wOvSOS0UsLTpTG7uQ==",
      "dependencies": [
        "@types/webidl-conversions"
      ]
    },
    "better-auth@1.4.6_@better-auth+utils@0.3.0_@better-fetch+fetch@1.1.18_better-call@1.1.5__zod@4.1.13_jose@6.1.3_kysely@0.28.8_nanostores@1.1.0_@better-auth+core@1.4.6__@better-auth+utils@0.3.0__@better-fetch+fetch@1.1.18__better-call@1.1.5___zod@4.1.13__jose@6.1.3__kysely@0.28.8__nanostores@1.1.0__zod@4.1.13_zod@4.1.13": {
      "integrity": "sha512-5wEBzjolrQA26b4uT6FVVYICsE3SmE/MzrZtl8cb2a3TJtswpP8v3OVV5yTso+ef9z85swgZk0/qBzcULFWVtA==",
      "dependencies": [
        "@better-auth/core",
        "@better-auth/telemetry",
        "@better-auth/utils",
        "@better-fetch/fetch",
        "@noble/ciphers",
        "@noble/hashes",
        "better-call",
        "defu",
        "jose",
        "kysely",
        "ms",
        "nanostores",
        "zod"
      ]
    },
    "better-call@1.1.5_zod@4.1.13": {
      "integrity": "sha512-nQJ3S87v6wApbDwbZ++FrQiSiVxWvZdjaO+2v6lZJAG2WWggkB2CziUDjPciz3eAt9TqfRursIQMZIcpkBnvlw==",
      "dependencies": [
        "@better-auth/utils",
        "@better-fetch/fetch",
        "rou3",
        "set-cookie-parser",
        "zod"
      ],
      "optionalPeers": [
        "zod"
      ]
    },
    "bson@6.10.4": {
      "integrity": "sha512-WIsKqkSC0ABoBJuT1LEX+2HEvNmNKKgnTAyd0fL8qzK4SH2i9NXg+t08YtdZp/V9IZ33cxe3iV4yM0qg8lMQng=="
    },
    "defu@6.1.4": {
      "integrity": "sha512-mEQCMmwJu317oSz8CwdIOdwf3xMif1ttiM8LTufzc3g6kR+9Pe236twL8j3IYT1F7GfRgGcW6MWxzZjLIkuHIg=="
    },
    "jose@6.1.3": {
      "integrity": "sha512-0TpaTfihd4QMNwrz/ob2Bp7X04yuxJkjRGi4aKmOqwhov54i6u79oCv7T+C7lo70MKH6BesI3vscD1yb/yzKXQ=="
    },
    "kysely@0.28.8": {
      "integrity": "sha512-QUOgl5ZrS9IRuhq5FvOKFSsD/3+IA6MLE81/bOOTRA/YQpKDza2sFdN5g6JCB9BOpqMJDGefLCQ9F12hRS13TA=="
    },
    "memory-pager@1.5.0": {
      "integrity": "sha512-ZS4Bp4r/Zoeq6+NLJpP+0Zzm0pR8whtGPf1XExKLJBAczGMnSi3It14OiNCStjQjM6NU1okjQGSxgEZN8eBYKg=="
    },
    "mongodb-connection-string-url@3.0.2": {
      "integrity": "sha512-rMO7CGo/9BFwyZABcKAWL8UJwH/Kc2x0g72uhDWzG48URRax5TCIcJ7Rc3RZqffZzO/Gwff/jyKwCU9TN8gehA==",
      "dependencies": [
        "@types/whatwg-url",
        "whatwg-url"
      ]
    },
    "mongodb@6.21.0": {
      "integrity": "sha512-URyb/VXMjJ4da46OeSXg+puO39XH9DeQpWCslifrRn9JWugy0D+DvvBvkm2WxmHe61O/H19JM66p1z7RHVkZ6A==",
      "dependencies": [
        "@mongodb-js/saslprep",
        "bson",
        "mongodb-connection-string-url"
      ]
    },
    "ms@4.0.0-nightly.202508271359": {
      "integrity": "sha512-WC/Eo7NzFrOV/RRrTaI0fxKVbNCzEy76j2VqNV8SxDf9D69gSE2Lh0QwYvDlhiYmheBYExAvEAxVf5NoN0cj2A=="
    },
    "nanostores@1.1.0": {
      "integrity": "sha512-yJBmDJr18xy47dbNVlHcgdPrulSn1nhSE6Ns9vTG+Nx9VPT6iV1MD6aQFp/t52zpf82FhLLTXAXr30NuCnxvwA=="
    },
    "punycode@2.3.1": {
      "integrity": "sha512-vYt7UD1U9Wg6138shLtLOvdAu+8DsC/ilFtEVHcH+wydcSpNE20AfSOduf6MkRFahL5FY7X1oU7nKVZFtfq8Fg=="
    },
    "rou3@0.7.10": {
      "integrity": "sha512-aoFj6f7MJZ5muJ+Of79nrhs9N3oLGqi2VEMe94Zbkjb6Wupha46EuoYgpWSOZlXww3bbd8ojgXTAA2mzimX5Ww=="
    },
    "set-cookie-parser@2.7.2": {
      "integrity": "sha512-oeM1lpU/UvhTxw+g3cIfxXHyJRc/uidd3yK1P242gzHds0udQBYzs3y8j4gCCW+ZJ7ad0yctld8RYO+bdurlvw=="
    },
    "sparse-bitfield@3.0.3": {
      "integrity": "sha512-kvzhi7vqKTfkh0PZU+2D2PIllw2ymqJKujUcyPMd9Y75Nv4nPbGJZXNhxsgdQab2BmlDct1YnfQCguEvHr7VsQ==",
      "dependencies": [
        "memory-pager"
      ]
    },
    "tr46@5.1.1": {
      "integrity": "sha512-hdF5ZgjTqgAntKkklYw0R03MG2x/bSzTtkxmIRw/sTNV8YXsCJ1tfLAX23lhxhHJlEf3CRCOCGGWw3vI3GaSPw==",
      "dependencies": [
        "punycode"
      ]
    },
    "webidl-conversions@7.0.0": {
      "integrity": "sha512-VwddBukDzu71offAQR975unBIGqfKZpM+8ZX6ySk8nYhVoo5CYaZyzt3YBvYtRtO+aoGlqxPg/B87NGVZ/fu6g=="
    },
    "whatwg-url@14.2.0": {
      "integrity": "sha512-De72GdQZzNTUBBChsXueQUnPKDkg/5A5zp7pFDuQAj5UFoENpiACU0wlCvzpAGnTkj++ihpKwKyYewn/XNUbKw==",
      "dependencies": [
        "tr46",
        "webidl-conversions"
      ]
    },
    "zod@4.1.13": {
      "integrity": "sha512-AvvthqfqrAhNH9dnfmrfKzX5upOdjUVJYFqNSlkmGf64gRaTzlPwz99IHYnVs28qYAybvAlBV+H7pn0saFY4Ig=="
    }
  },
  "workspace": {
    "dependencies": [
      "jsr:@hono/hono@^4.10.7",
      "npm:better-auth@^1.3.10",
      "npm:mongodb@^6.10.0"
    ]
  }
}
